
Microsoft Visual Studio Solution File, Format Version 12.00
# Visual Studio 14
VisualStudioVersion = 14.0.23107.0
MinimumVisualStudioVersion = 10.0.40219.1
Project("{FAE04EC0-301F-11D3-BF4B-00C04F79EFBC}") = "Critter.Web", "Critter.Web\Critter.Web.csproj", "{6E6B399C-0687-4B65-8616-1D7C20888B51}"
EndProject
Project("{FAE04EC0-301F-11D3-BF4B-00C04F79EFBC}") = "Critter.WebTests", "Critter.WebTests\Critter.WebTests.csproj", "{DC5DFE8B-160F-4500-B538-5E0D8338684A}"
EndProject
Global
	GlobalSection(SolutionConfigurationPlatforms) = preSolution
		Debug|Any CPU = Debug|Any CPU
		Release|Any CPU = Release|Any CPU
	EndGlobalSection
	GlobalSection(ProjectConfigurationPlatforms) = postSolution
		{6E6B399C-0687-4B65-8616-1D7C20888B51}.Debug|Any CPU.ActiveCfg = Debug|Any CPU
		{6E6B399C-0687-4B65-8616-1D7C20888B51}.Debug|Any CPU.Build.0 = Debug|Any CPU
		{6E6B399C-0687-4B65-8616-1D7C20888B51}.Release|Any CPU.ActiveCfg = Release|Any CPU
		{6E6B399C-0687-4B65-8616-1D7C20888B51}.Release|Any CPU.Build.0 = Release|Any CPU
		{DC5DFE8B-160F-4500-B538-5E0D8338684A}.Debug|Any CPU.ActiveCfg = Debug|Any CPU
		{DC5DFE8B-160F-4500-B538-5E0D8338684A}.Debug|Any CPU.Build.0 = Debug|Any CPU
		{DC5DFE8B-160F-4500-B538-5E0D8338684A}.Release|Any CPU.ActiveCfg = Release|Any CPU
		{DC5DFE8B-160F-4500-B538-5E0D8338684A}.Release|Any CPU.Build.0 = Release|Any CPU
	EndGlobalSection
	GlobalSection(SolutionProperties) = preSolution
		HideSolutionNode = FALSE
	EndGlobalSection
EndGlobal
