
Microsoft Visual Studio Solution File, Format Version 12.00
# Visual Studio 14
VisualStudioVersion = 14.0.23107.0
MinimumVisualStudioVersion = 10.0.40219.1
Project("{FAE04EC0-301F-11D3-BF4B-00C04F79EFBC}") = "FormsWithHttpPost", "FormsWithHttpPost\FormsWithHttpPost.csproj", "{192887D7-1AEF-4A95-BE50-C3C6C1178915}"
EndProject
Project("{FAE04EC0-301F-11D3-BF4B-00C04F79EFBC}") = "FormsWithHttpPost.Tests", "FormsWithHttpPost.Tests\FormsWithHttpPost.Tests.csproj", "{0D2E9165-7DC3-4F27-9887-31044FDE7EDB}"
EndProject
Global
	GlobalSection(SolutionConfigurationPlatforms) = preSolution
		Debug|Any CPU = Debug|Any CPU
		Release|Any CPU = Release|Any CPU
	EndGlobalSection
	GlobalSection(ProjectConfigurationPlatforms) = postSolution
		{192887D7-1AEF-4A95-BE50-C3C6C1178915}.Debug|Any CPU.ActiveCfg = Debug|Any CPU
		{192887D7-1AEF-4A95-BE50-C3C6C1178915}.Debug|Any CPU.Build.0 = Debug|Any CPU
		{192887D7-1AEF-4A95-BE50-C3C6C1178915}.Release|Any CPU.ActiveCfg = Release|Any CPU
		{192887D7-1AEF-4A95-BE50-C3C6C1178915}.Release|Any CPU.Build.0 = Release|Any CPU
		{0D2E9165-7DC3-4F27-9887-31044FDE7EDB}.Debug|Any CPU.ActiveCfg = Debug|Any CPU
		{0D2E9165-7DC3-4F27-9887-31044FDE7EDB}.Debug|Any CPU.Build.0 = Debug|Any CPU
		{0D2E9165-7DC3-4F27-9887-31044FDE7EDB}.Release|Any CPU.ActiveCfg = Release|Any CPU
		{0D2E9165-7DC3-4F27-9887-31044FDE7EDB}.Release|Any CPU.Build.0 = Release|Any CPU
	EndGlobalSection
	GlobalSection(SolutionProperties) = preSolution
		HideSolutionNode = FALSE
	EndGlobalSection
EndGlobal
