
Microsoft Visual Studio Solution File, Format Version 12.00
# Visual Studio 14
VisualStudioVersion = 14.0.23107.0
MinimumVisualStudioVersion = 10.0.40219.1
Project("{FAE04EC0-301F-11D3-BF4B-00C04F79EFBC}") = "Exercises", "Exercises\Exercises.csproj", "{38DF068E-586A-4D27-9C44-3EC01549DA4B}"
EndProject
Project("{FAE04EC0-301F-11D3-BF4B-00C04F79EFBC}") = "Exercises.Tests", "Exercises.Tests\Exercises.Tests.csproj", "{DD332F1D-5226-421B-978B-BD5E7A6C9486}"
EndProject
Global
	GlobalSection(SolutionConfigurationPlatforms) = preSolution
		Debug|Any CPU = Debug|Any CPU
		Release|Any CPU = Release|Any CPU
	EndGlobalSection
	GlobalSection(ProjectConfigurationPlatforms) = postSolution
		{38DF068E-586A-4D27-9C44-3EC01549DA4B}.Debug|Any CPU.ActiveCfg = Debug|Any CPU
		{38DF068E-586A-4D27-9C44-3EC01549DA4B}.Debug|Any CPU.Build.0 = Debug|Any CPU
		{38DF068E-586A-4D27-9C44-3EC01549DA4B}.Release|Any CPU.ActiveCfg = Release|Any CPU
		{38DF068E-586A-4D27-9C44-3EC01549DA4B}.Release|Any CPU.Build.0 = Release|Any CPU
		{DD332F1D-5226-421B-978B-BD5E7A6C9486}.Debug|Any CPU.ActiveCfg = Debug|Any CPU
		{DD332F1D-5226-421B-978B-BD5E7A6C9486}.Debug|Any CPU.Build.0 = Debug|Any CPU
		{DD332F1D-5226-421B-978B-BD5E7A6C9486}.Release|Any CPU.ActiveCfg = Release|Any CPU
		{DD332F1D-5226-421B-978B-BD5E7A6C9486}.Release|Any CPU.Build.0 = Release|Any CPU
	EndGlobalSection
	GlobalSection(SolutionProperties) = preSolution
		HideSolutionNode = FALSE
	EndGlobalSection
EndGlobal
